// !$*UTF8*$!
{
	archiveVersion = 1;
	classes = {
	};
	objectVersion = 46;
	objects = {

/* Begin PBXBuildFile section */
		963AFE471A1FA0B30065622D /* main.m in Sources */ = {isa = PBXBuildFile; fileRef = 963AFE461A1FA0B30065622D /* main.m */; };
		963AFE4A1A1FA0B30065622D /* AppDelegate.m in Sources */ = {isa = PBXBuildFile; fileRef = 963AFE491A1FA0B30065622D /* AppDelegate.m */; };
		963AFE4D1A1FA0B30065622D /* ViewController.m in Sources */ = {isa = PBXBuildFile; fileRef = 963AFE4C1A1FA0B30065622D /* ViewController.m */; };
		963AFE501A1FA0B30065622D /* Main.storyboard in Resources */ = {isa = PBXBuildFile; fileRef = 963AFE4E1A1FA0B30065622D /* Main.storyboard */; };
		963AFE521A1FA0B30065622D /* Images.xcassets in Resources */ = {isa = PBXBuildFile; fileRef = 963AFE511A1FA0B30065622D /* Images.xcassets */; };
		963AFE551A1FA0B30065622D /* LaunchScreen.xib in Resources */ = {isa = PBXBuildFile; fileRef = 963AFE531A1FA0B30065622D /* LaunchScreen.xib */; };
		963AFE611A1FA0B30065622D /* BEEPSTests.m in Sources */ = {isa = PBXBuildFile; fileRef = 963AFE601A1FA0B30065622D /* BEEPSTests.m */; };
/* End PBXBuildFile section */

/* Begin PBXContainerItemProxy section */
		963AFE5B1A1FA0B30065622D /* PBXContainerItemProxy */ = {
			isa = PBXContainerItemProxy;
			containerPortal = 963AFE391A1FA0B30065622D /* Project object */;
			proxyType = 1;
			remoteGlobalIDString = 963AFE401A1FA0B30065622D;
			remoteInfo = BEEPS;
		};
/* End PBXContainerItemProxy section */

/* Begin PBXFileReference section */
		963AFE411A1FA0B30065622D /* BEEPS.app */ = {isa = PBXFileReference; explicitFileType = wrapper.application; includeInIndex = 0; path = BEEPS.app; sourceTree = BUILT_PRODUCTS_DIR; };
		963AFE451A1FA0B30065622D /* Info.plist */ = {isa = PBXFileReference; lastKnownFileType = text.plist.xml; path = Info.plist; sourceTree = "<group>"; };
		963AFE461A1FA0B30065622D /* main.m */ = {isa = PBXFileReference; lastKnownFileType = sourcecode.c.objc; path = main.m; sourceTree = "<group>"; };
		963AFE481A1FA0B30065622D /* AppDelegate.h */ = {isa = PBXFileReference; lastKnownFileType = sourcecode.c.h; path = AppDelegate.h; sourceTree = "<group>"; };
		963AFE491A1FA0B30065622D /* AppDelegate.m */ = {isa = PBXFileReference; lastKnownFileType = sourcecode.c.objc; path = AppDelegate.m; sourceTree = "<group>"; };
		963AFE4B1A1FA0B30065622D /* ViewController.h */ = {isa = PBXFileReference; lastKnownFileType = sourcecode.c.h; path = ViewController.h; sourceTree = "<group>"; };
		963AFE4C1A1FA0B30065622D /* ViewController.m */ = {isa = PBXFileReference; lastKnownFileType = sourcecode.c.objc; path = ViewController.m; sourceTree = "<group>"; };
		963AFE4F1A1FA0B30065622D /* Base */ = {isa = PBXFileReference; lastKnownFileType = file.storyboard; name = Base; path = Base.lproj/Main.storyboard; sourceTree = "<group>"; };
		963AFE511A1FA0B30065622D /* Images.xcassets */ = {isa = PBXFileReference; lastKnownFileType = folder.assetcatalog; path = Images.xcassets; sourceTree = "<group>"; };
		963AFE541A1FA0B30065622D /* Base */ = {isa = PBXFileReference; lastKnownFileType = file.xib; name = Base; path = Base.lproj/LaunchScreen.xib; sourceTree = "<group>"; };
		963AFE5A1A1FA0B30065622D /* BEEPSTests.xctest */ = {isa = PBXFileReference; explicitFileType = wrapper.cfbundle; includeInIndex = 0; path = BEEPSTests.xctest; sourceTree = BUILT_PRODUCTS_DIR; };
		963AFE5F1A1FA0B30065622D /* Info.plist */ = {isa = PBXFileReference; lastKnownFileType = text.plist.xml; path = Info.plist; sourceTree = "<group>"; };
		963AFE601A1FA0B30065622D /* BEEPSTests.m */ = {isa = PBXFileReference; lastKnownFileType = sourcecode.c.objc; path = BEEPSTests.m; sourceTree = "<group>"; };
/* End PBXFileReference section */

/* Begin PBXFrameworksBuildPhase section */
		963AFE3E1A1FA0B30065622D /* Frameworks */ = {
			isa = PBXFrameworksBuildPhase;
			buildActionMask = 2147483647;
			files = (
			);
			runOnlyForDeploymentPostprocessing = 0;
		};
		963AFE571A1FA0B30065622D /* Frameworks */ = {
			isa = PBXFrameworksBuildPhase;
			buildActionMask = 2147483647;
			files = (
			);
			runOnlyForDeploymentPostprocessing = 0;
		};
/* End PBXFrameworksBuildPhase section */

/* Begin PBXGroup section */
		963AFE381A1FA0B30065622D = {
			isa = PBXGroup;
			children = (
				963AFE431A1FA0B30065622D /* BEEPS */,
				963AFE5D1A1FA0B30065622D /* BEEPSTests */,
				963AFE421A1FA0B30065622D /* Products */,
			);
			sourceTree = "<group>";
		};
		963AFE421A1FA0B30065622D /* Products */ = {
			isa = PBXGroup;
			children = (
				963AFE411A1FA0B30065622D /* BEEPS.app */,
				963AFE5A1A1FA0B30065622D /* BEEPSTests.xctest */,
			);
			name = Products;
			sourceTree = "<group>";
		};
		963AFE431A1FA0B30065622D /* BEEPS */ = {
			isa = PBXGroup;
			children = (
				963AFE481A1FA0B30065622D /* AppDelegate.h */,
				963AFE491A1FA0B30065622D /* AppDelegate.m */,
				963AFE4B1A1FA0B30065622D /* ViewController.h */,
				963AFE4C1A1FA0B30065622D /* ViewController.m */,
				963AFE4E1A1FA0B30065622D /* Main.storyboard */,
				963AFE511A1FA0B30065622D /* Images.xcassets */,
				963AFE531A1FA0B30065622D /* LaunchScreen.xib */,
				963AFE441A1FA0B30065622D /* Supporting Files */,
			);
			path = BEEPS;
			sourceTree = "<group>";
		};
		963AFE441A1FA0B30065622D /* Supporting Files */ = {
			isa = PBXGroup;
			children = (
				963AFE451A1FA0B30065622D /* Info.plist */,
				963AFE461A1FA0B30065622D /* main.m */,
			);
			name = "Supporting Files";
			sourceTree = "<group>";
		};
		963AFE5D1A1FA0B30065622D /* BEEPSTests */ = {
			isa = PBXGroup;
			children = (
				963AFE601A1FA0B30065622D /* BEEPSTests.m */,
				963AFE5E1A1FA0B30065622D /* Supporting Files */,
			);
			path = BEEPSTests;
			sourceTree = "<group>";
		};
		963AFE5E1A1FA0B30065622D /* Supporting Files */ = {
			isa = PBXGroup;
			children = (
				963AFE5F1A1FA0B30065622D /* Info.plist */,
			);
			name = "Supporting Files";
			sourceTree = "<group>";
		};
/* End PBXGroup section */

/* Begin PBXNativeTarget section */
		963AFE401A1FA0B30065622D /* BEEPS */ = {
			isa = PBXNativeTarget;
			buildConfigurationList = 963AFE641A1FA0B30065622D /* Build configuration list for PBXNativeTarget "BEEPS" */;
			buildPhases = (
				963AFE3D1A1FA0B30065622D /* Sources */,
				963AFE3E1A1FA0B30065622D /* Frameworks */,
				963AFE3F1A1FA0B30065622D /* Resources */,
			);
			buildRules = (
			);
			dependencies = (
			);
			name = BEEPS;
			productName = BEEPS;
			productReference = 963AFE411A1FA0B30065622D /* BEEPS.app */;
			productType = "com.apple.product-type.application";
		};
		963AFE591A1FA0B30065622D /* BEEPSTests */ = {
			isa = PBXNativeTarget;
			buildConfigurationList = 963AFE671A1FA0B30065622D /* Build configuration list for PBXNativeTarget "BEEPSTests" */;
			buildPhases = (
				963AFE561A1FA0B30065622D /* Sources */,
				963AFE571A1FA0B30065622D /* Frameworks */,
				963AFE581A1FA0B30065622D /* Resources */,
			);
			buildRules = (
			);
			dependencies = (
				963AFE5C1A1FA0B30065622D /* PBXTargetDependency */,
			);
			name = BEEPSTests;
			productName = BEEPSTests;
			productReference = 963AFE5A1A1FA0B30065622D /* BEEPSTests.xctest */;
			productType = "com.apple.product-type.bundle.unit-test";
		};
/* End PBXNativeTarget section */

/* Begin PBXProject section */
		963AFE391A1FA0B30065622D /* Project object */ = {
			isa = PBXProject;
			attributes = {
				LastUpgradeCheck = 0610;
				ORGANIZATIONNAME = "Jason Hsu";
				TargetAttributes = {
					963AFE401A1FA0B30065622D = {
						CreatedOnToolsVersion = 6.1;
					};
					963AFE591A1FA0B30065622D = {
						CreatedOnToolsVersion = 6.1;
						TestTargetID = 963AFE401A1FA0B30065622D;
					};
				};
			};
			buildConfigurationList = 963AFE3C1A1FA0B30065622D /* Build configuration list for PBXProject "BEEPS" */;
			compatibilityVersion = "Xcode 3.2";
			developmentRegion = English;
			hasScannedForEncodings = 0;
			knownRegions = (
				en,
				Base,
			);
			mainGroup = 963AFE381A1FA0B30065622D;
			productRefGroup = 963AFE421A1FA0B30065622D /* Products */;
			projectDirPath = "";
			projectRoot = "";
			targets = (
				963AFE401A1FA0B30065622D /* BEEPS */,
				963AFE591A1FA0B30065622D /* BEEPSTests */,
			);
		};
/* End PBXProject section */

/* Begin PBXResourcesBuildPhase section */
		963AFE3F1A1FA0B30065622D /* Resources */ = {
			isa = PBXResourcesBuildPhase;
			buildActionMask = 2147483647;
			files = (
				963AFE501A1FA0B30065622D /* Main.storyboard in Resources */,
				963AFE551A1FA0B30065622D /* LaunchScreen.xib in Resources */,
				963AFE521A1FA0B30065622D /* Images.xcassets in Resources */,
			);
			runOnlyForDeploymentPostprocessing = 0;
		};
		963AFE581A1FA0B30065622D /* Resources */ = {
			isa = PBXResourcesBuildPhase;
			buildActionMask = 2147483647;
			files = (
			);
			runOnlyForDeploymentPostprocessing = 0;
		};
/* End PBXResourcesBuildPhase section */

/* Begin PBXSourcesBuildPhase section */
		963AFE3D1A1FA0B30065622D /* Sources */ = {
			isa = PBXSourcesBuildPhase;
			buildActionMask = 2147483647;
			files = (
				963AFE4D1A1FA0B30065622D /* ViewController.m in Sources */,
				963AFE4A1A1FA0B30065622D /* AppDelegate.m in Sources */,
				963AFE471A1FA0B30065622D /* main.m in Sources */,
			);
			runOnlyForDeploymentPostprocessing = 0;
		};
		963AFE561A1FA0B30065622D /* Sources */ = {
			isa = PBXSourcesBuildPhase;
			buildActionMask = 2147483647;
			files = (
				963AFE611A1FA0B30065622D /* BEEPSTests.m in Sources */,
			);
			runOnlyForDeploymentPostprocessing = 0;
		};
/* End PBXSourcesBuildPhase section */

/* Begin PBXTargetDependency section */
		963AFE5C1A1FA0B30065622D /* PBXTargetDependency */ = {
			isa = PBXTargetDependency;
			target = 963AFE401A1FA0B30065622D /* BEEPS */;
			targetProxy = 963AFE5B1A1FA0B30065622D /* PBXContainerItemProxy */;
		};
/* End PBXTargetDependency section */

/* Begin PBXVariantGroup section */
		963AFE4E1A1FA0B30065622D /* Main.storyboard */ = {
			isa = PBXVariantGroup;
			children = (
				963AFE4F1A1FA0B30065622D /* Base */,
			);
			name = Main.storyboard;
			sourceTree = "<group>";
		};
		963AFE531A1FA0B30065622D /* LaunchScreen.xib */ = {
			isa = PBXVariantGroup;
			children = (
				963AFE541A1FA0B30065622D /* Base */,
			);
			name = LaunchScreen.xib;
			sourceTree = "<group>";
		};
/* End PBXVariantGroup section */

/* Begin XCBuildConfiguration section */
		963AFE621A1FA0B30065622D /* Debug */ = {
			isa = XCBuildConfiguration;
			buildSettings = {
				ALWAYS_SEARCH_USER_PATHS = NO;
				CLANG_CXX_LANGUAGE_STANDARD = "gnu++0x";
				CLANG_CXX_LIBRARY = "libc++";
				CLANG_ENABLE_MODULES = YES;
				CLANG_ENABLE_OBJC_ARC = YES;
				CLANG_WARN_BOOL_CONVERSION = YES;
				CLANG_WARN_CONSTANT_CONVERSION = YES;
				CLANG_WARN_DIRECT_OBJC_ISA_USAGE = YES_ERROR;
				CLANG_WARN_EMPTY_BODY = YES;
				CLANG_WARN_ENUM_CONVERSION = YES;
				CLANG_WARN_INT_CONVERSION = YES;
				CLANG_WARN_OBJC_ROOT_CLASS = YES_ERROR;
				CLANG_WARN_UNREACHABLE_CODE = YES;
				CLANG_WARN__DUPLICATE_METHOD_MATCH = YES;
				"CODE_SIGN_IDENTITY[sdk=iphoneos*]" = "iPhone Developer";
				COPY_PHASE_STRIP = NO;
				ENABLE_STRICT_OBJC_MSGSEND = YES;
				GCC_C_LANGUAGE_STANDARD = gnu99;
				GCC_DYNAMIC_NO_PIC = NO;
				GCC_OPTIMIZATION_LEVEL = 0;
				GCC_PREPROCESSOR_DEFINITIONS = (
					"DEBUG=1",
					"$(inherited)",
				);
				GCC_SYMBOLS_PRIVATE_EXTERN = NO;
				GCC_WARN_64_TO_32_BIT_CONVERSION = YES;
				GCC_WARN_ABOUT_RETURN_TYPE = YES_ERROR;
				GCC_WARN_UNDECLARED_SELECTOR = YES;
				GCC_WARN_UNINITIALIZED_AUTOS = YES_AGGRESSIVE;
				GCC_WARN_UNUSED_FUNCTION = YES;
				GCC_WARN_UNUSED_VARIABLE = YES;
				IPHONEOS_DEPLOYMENT_TARGET = 8.1;
				MTL_ENABLE_DEBUG_INFO = YES;
				ONLY_ACTIVE_ARCH = YES;
				SDKROOT = iphoneos;
				TARGETED_DEVICE_FAMILY = "1,2";
			};
			name = Debug;
		};
		963AFE631A1FA0B30065622D /* Release */ = {
			isa = XCBuildConfiguration;
			buildSettings = {
				ALWAYS_SEARCH_USER_PATHS = NO;
				CLANG_CXX_LANGUAGE_STANDARD = "gnu++0x";
				CLANG_CXX_LIBRARY = "libc++";
				CLANG_ENABLE_MODULES = YES;
				CLANG_ENABLE_OBJC_ARC = YES;
				CLANG_WARN_BOOL_CONVERSION = YES;
				CLANG_WARN_CONSTANT_CONVERSION = YES;
				CLANG_WARN_DIRECT_OBJC_ISA_USAGE = YES_ERROR;
				CLANG_WARN_EMPTY_BODY = YES;
				CLANG_WARN_ENUM_CONVERSION = YES;
				CLANG_WARN_INT_CONVERSION = YES;
				CLANG_WARN_OBJC_ROOT_CLASS = YES_ERROR;
				CLANG_WARN_UNREACHABLE_CODE = YES;
				CLANG_WARN__DUPLICATE_METHOD_MATCH = YES;
				"CODE_SIGN_IDENTITY[sdk=iphoneos*]" = "iPhone Developer";
				COPY_PHASE_STRIP = YES;
				ENABLE_NS_ASSERTIONS = NO;
				ENABLE_STRICT_OBJC_MSGSEND = YES;
				GCC_C_LANGUAGE_STANDARD = gnu99;
				GCC_WARN_64_TO_32_BIT_CONVERSION = YES;
				GCC_WARN_ABOUT_RETURN_TYPE = YES_ERROR;
				GCC_WARN_UNDECLARED_SELECTOR = YES;
				GCC_WARN_UNINITIALIZED_AUTOS = YES_AGGRESSIVE;
				GCC_WARN_UNUSED_FUNCTION = YES;
				GCC_WARN_UNUSED_VARIABLE = YES;
				IPHONEOS_DEPLOYMENT_TARGET = 8.1;
				MTL_ENABLE_DEBUG_INFO = NO;
				SDKROOT = iphoneos;
				TARGETED_DEVICE_FAMILY = "1,2";
				VALIDATE_PRODUCT = YES;
			};
			name = Release;
		};
		963AFE651A1FA0B30065622D /* Debug */ = {
			isa = XCBuildConfiguration;
			buildSettings = {
				ASSETCATALOG_COMPILER_APPICON_NAME = AppIcon;
				INFOPLIST_FILE = BEEPS/Info.plist;
				LD_RUNPATH_SEARCH_PATHS = "$(inherited) @executable_path/Frameworks";
				PRODUCT_NAME = "$(TARGET_NAME)";
			};
			name = Debug;
		};
		963AFE661A1FA0B30065622D /* Release */ = {
			isa = XCBuildConfiguration;
			buildSettings = {
				ASSETCATALOG_COMPILER_APPICON_NAME = AppIcon;
				INFOPLIST_FILE = BEEPS/Info.plist;
				LD_RUNPATH_SEARCH_PATHS = "$(inherited) @executable_path/Frameworks";
				PRODUCT_NAME = "$(TARGET_NAME)";
			};
			name = Release;
		};
		963AFE681A1FA0B30065622D /* Debug */ = {
			isa = XCBuildConfiguration;
			buildSettings = {
				BUNDLE_LOADER = "$(TEST_HOST)";
				FRAMEWORK_SEARCH_PATHS = (
					"$(SDKROOT)/Developer/Library/Frameworks",
					"$(inherited)",
				);
				GCC_PREPROCESSOR_DEFINITIONS = (
					"DEBUG=1",
					"$(inherited)",
				);
				INFOPLIST_FILE = BEEPSTests/Info.plist;
				LD_RUNPATH_SEARCH_PATHS = "$(inherited) @executable_path/Frameworks @loader_path/Frameworks";
				PRODUCT_NAME = "$(TARGET_NAME)";
				TEST_HOST = "$(BUILT_PRODUCTS_DIR)/BEEPS.app/BEEPS";
			};
			name = Debug;
		};
		963AFE691A1FA0B30065622D /* Release */ = {
			isa = XCBuildConfiguration;
			buildSettings = {
				BUNDLE_LOADER = "$(TEST_HOST)";
				FRAMEWORK_SEARCH_PATHS = (
					"$(SDKROOT)/Developer/Library/Frameworks",
					"$(inherited)",
				);
				INFOPLIST_FILE = BEEPSTests/Info.plist;
				LD_RUNPATH_SEARCH_PATHS = "$(inherited) @executable_path/Frameworks @loader_path/Frameworks";
				PRODUCT_NAME = "$(TARGET_NAME)";
				TEST_HOST = "$(BUILT_PRODUCTS_DIR)/BEEPS.app/BEEPS";
			};
			name = Release;
		};
/* End XCBuildConfiguration section */

/* Begin XCConfigurationList section */
		963AFE3C1A1FA0B30065622D /* Build configuration list for PBXProject "BEEPS" */ = {
			isa = XCConfigurationList;
			buildConfigurations = (
				963AFE621A1FA0B30065622D /* Debug */,
				963AFE631A1FA0B30065622D /* Release */,
			);
			defaultConfigurationIsVisible = 0;
			defaultConfigurationName = Release;
		};
		963AFE641A1FA0B30065622D /* Build configuration list for PBXNativeTarget "BEEPS" */ = {
			isa = XCConfigurationList;
			buildConfigurations = (
				963AFE651A1FA0B30065622D /* Debug */,
				963AFE661A1FA0B30065622D /* Release */,
			);
			defaultConfigurationIsVisible = 0;
		};
		963AFE671A1FA0B30065622D /* Build configuration list for PBXNativeTarget "BEEPSTests" */ = {
			isa = XCConfigurationList;
			buildConfigurations = (
				963AFE681A1FA0B30065622D /* Debug */,
				963AFE691A1FA0B30065622D /* Release */,
			);
			defaultConfigurationIsVisible = 0;
		};
/* End XCConfigurationList section */
	};
	rootObject = 963AFE391A1FA0B30065622D /* Project object */;
}
